
Microsoft Visual Studio Solution File, Format Version 12.00
# Visual Studio 14
VisualStudioVersion = 14.0.25123.0
MinimumVisualStudioVersion = 10.0.40219.1
Project("{FAE04EC0-301F-11D3-BF4B-00C04F79EFBC}") = "IForgot", "IForgot\IForgot.csproj", "{F5407162-8CB9-415A-8FC8-7E223AD45777}"
EndProject
Project("{2150E333-8FDC-42A3-9474-1A3956D46DE8}") = "BuildScripts", "BuildScripts", "{47F66D07-C325-42E7-8778-9CFC792F5849}"
	ProjectSection(SolutionItems) = preProject
		AfterBuild.ps1 = AfterBuild.ps1
	EndProjectSection
EndProject
Global
	GlobalSection(SolutionConfigurationPlatforms) = preSolution
		Debug|Any CPU = Debug|Any CPU
		Debug|x86 = Debug|x86
		Release|Any CPU = Release|Any CPU
		Release|x86 = Release|x86
	EndGlobalSection
	GlobalSection(ProjectConfigurationPlatforms) = postSolution
		{F5407162-8CB9-415A-8FC8-7E223AD45777}.Debug|Any CPU.ActiveCfg = Debug|Any CPU
		{F5407162-8CB9-415A-8FC8-7E223AD45777}.Debug|Any CPU.Build.0 = Debug|Any CPU
		{F5407162-8CB9-415A-8FC8-7E223AD45777}.Debug|x86.ActiveCfg = Debug|Any CPU
		{F5407162-8CB9-415A-8FC8-7E223AD45777}.Debug|x86.Build.0 = Debug|Any CPU
		{F5407162-8CB9-415A-8FC8-7E223AD45777}.Release|Any CPU.ActiveCfg = Release|Any CPU
		{F5407162-8CB9-415A-8FC8-7E223AD45777}.Release|Any CPU.Build.0 = Release|Any CPU
		{F5407162-8CB9-415A-8FC8-7E223AD45777}.Release|x86.ActiveCfg = Release|Any CPU
		{F5407162-8CB9-415A-8FC8-7E223AD45777}.Release|x86.Build.0 = Release|Any CPU
	EndGlobalSection
	GlobalSection(SolutionProperties) = preSolution
		HideSolutionNode = FALSE
	EndGlobalSection
EndGlobal
